
Microsoft Visual Studio Solution File, Format Version 12.00
# Visual Studio Express 2013 for Windows Desktop
VisualStudioVersion = 12.0.30723.0
MinimumVisualStudioVersion = 10.0.40219.1
Project("{FAE04EC0-301F-11D3-BF4B-00C04F79EFBC}") = "EntityQueries", "EntityQueries\EntityQueries.csproj", "{52A8E6AB-6FA0-44A0-899B-D34FB9063F34}"
EndProject
Project("{FAE04EC0-301F-11D3-BF4B-00C04F79EFBC}") = "UnitTests", "UnitTests\UnitTests.csproj", "{982ABFA1-2DDF-4CD5-8ECC-10178F77D1F6}"
EndProject
Project("{2150E333-8FDC-42A3-9474-1A3956D46DE8}") = ".nuget", ".nuget", "{BB18271B-41F9-43FA-940F-153020046BE5}"
	ProjectSection(SolutionItems) = preProject
		.nuget\NuGet.Config = .nuget\NuGet.Config
		.nuget\NuGet.exe = .nuget\NuGet.exe
		.nuget\NuGet.targets = .nuget\NuGet.targets
	EndProjectSection
EndProject
Global
	GlobalSection(SolutionConfigurationPlatforms) = preSolution
		Debug|Any CPU = Debug|Any CPU
		Release|Any CPU = Release|Any CPU
	EndGlobalSection
	GlobalSection(ProjectConfigurationPlatforms) = postSolution
		{52A8E6AB-6FA0-44A0-899B-D34FB9063F34}.Debug|Any CPU.ActiveCfg = Debug|Any CPU
		{52A8E6AB-6FA0-44A0-899B-D34FB9063F34}.Debug|Any CPU.Build.0 = Debug|Any CPU
		{52A8E6AB-6FA0-44A0-899B-D34FB9063F34}.Release|Any CPU.ActiveCfg = Release|Any CPU
		{52A8E6AB-6FA0-44A0-899B-D34FB9063F34}.Release|Any CPU.Build.0 = Release|Any CPU
		{982ABFA1-2DDF-4CD5-8ECC-10178F77D1F6}.Debug|Any CPU.ActiveCfg = Debug|Any CPU
		{982ABFA1-2DDF-4CD5-8ECC-10178F77D1F6}.Debug|Any CPU.Build.0 = Debug|Any CPU
		{982ABFA1-2DDF-4CD5-8ECC-10178F77D1F6}.Release|Any CPU.ActiveCfg = Release|Any CPU
		{982ABFA1-2DDF-4CD5-8ECC-10178F77D1F6}.Release|Any CPU.Build.0 = Release|Any CPU
	EndGlobalSection
	GlobalSection(SolutionProperties) = preSolution
		HideSolutionNode = FALSE
	EndGlobalSection
EndGlobal
